
Microsoft Visual Studio Solution File, Format Version 12.00
# Visual Studio Version 16
VisualStudioVersion = 16.0.31005.135
MinimumVisualStudioVersion = 10.0.40219.1
Project("{9A19103F-16F7-4668-BE54-9A1E7A4F7556}") = "OMDB-Service", "OMDBService\OMDB-Service.csproj", "{29AF9DFD-5EBE-47EE-B655-F161EDA88377}"
EndProject
Project("{9A19103F-16F7-4668-BE54-9A1E7A4F7556}") = "OMDB_Service.Tests", "OMDB_Service.Tests\OMDB_Service.Tests.csproj", "{7BFD33C9-5DEE-4616-89F9-2C380A06762C}"
EndProject
Global
	GlobalSection(SolutionConfigurationPlatforms) = preSolution
		Debug|Any CPU = Debug|Any CPU
		Release|Any CPU = Release|Any CPU
	EndGlobalSection
	GlobalSection(ProjectConfigurationPlatforms) = postSolution
		{29AF9DFD-5EBE-47EE-B655-F161EDA88377}.Debug|Any CPU.ActiveCfg = Debug|Any CPU
		{29AF9DFD-5EBE-47EE-B655-F161EDA88377}.Debug|Any CPU.Build.0 = Debug|Any CPU
		{29AF9DFD-5EBE-47EE-B655-F161EDA88377}.Release|Any CPU.ActiveCfg = Release|Any CPU
		{29AF9DFD-5EBE-47EE-B655-F161EDA88377}.Release|Any CPU.Build.0 = Release|Any CPU
		{7BFD33C9-5DEE-4616-89F9-2C380A06762C}.Debug|Any CPU.ActiveCfg = Debug|Any CPU
		{7BFD33C9-5DEE-4616-89F9-2C380A06762C}.Debug|Any CPU.Build.0 = Debug|Any CPU
		{7BFD33C9-5DEE-4616-89F9-2C380A06762C}.Release|Any CPU.ActiveCfg = Release|Any CPU
		{7BFD33C9-5DEE-4616-89F9-2C380A06762C}.Release|Any CPU.Build.0 = Release|Any CPU
	EndGlobalSection
	GlobalSection(SolutionProperties) = preSolution
		HideSolutionNode = FALSE
	EndGlobalSection
	GlobalSection(ExtensibilityGlobals) = postSolution
		SolutionGuid = {F6407722-9738-4FBD-9A43-F7CBBE5FA870}
	EndGlobalSection
EndGlobal
